
Microsoft Visual Studio Solution File, Format Version 12.00
# Visual Studio Version 16
VisualStudioVersion = 16.0.33801.447
MinimumVisualStudioVersion = 10.0.40219.1
Project("{FAE04EC0-301F-11D3-BF4B-00C04F79EFBC}") = "QuitToDesktop", "QuitToDesktop\QuitToDesktop.csproj", "{D5A69DA0-1B3F-40E4-8E6C-7848D67A424E}"
EndProject
Project("{FAE04EC0-301F-11D3-BF4B-00C04F79EFBC}") = "CursorLockOption", "CursorLockOption\CursorLockOption.csproj", "{28920490-EA75-4FEE-B282-64E37E10BA6F}"
EndProject
Project("{FAE04EC0-301F-11D3-BF4B-00C04F79EFBC}") = "ShowMoneyInHUD", "ShowMoneyInHUD\ShowMoneyInHUD.csproj", "{1E02348C-C021-4EA8-951F-46F83EB2A898}"
EndProject
Global
	GlobalSection(SolutionConfigurationPlatforms) = preSolution
		Debug|Any CPU = Debug|Any CPU
		Release|Any CPU = Release|Any CPU
	EndGlobalSection
	GlobalSection(ProjectConfigurationPlatforms) = postSolution
		{D5A69DA0-1B3F-40E4-8E6C-7848D67A424E}.Debug|Any CPU.ActiveCfg = Debug|Any CPU
		{D5A69DA0-1B3F-40E4-8E6C-7848D67A424E}.Release|Any CPU.ActiveCfg = Release|Any CPU
		{D5A69DA0-1B3F-40E4-8E6C-7848D67A424E}.Release|Any CPU.Build.0 = Release|Any CPU
		{28920490-EA75-4FEE-B282-64E37E10BA6F}.Debug|Any CPU.ActiveCfg = Debug|Any CPU
		{28920490-EA75-4FEE-B282-64E37E10BA6F}.Release|Any CPU.ActiveCfg = Release|Any CPU
		{28920490-EA75-4FEE-B282-64E37E10BA6F}.Release|Any CPU.Build.0 = Release|Any CPU
		{1E02348C-C021-4EA8-951F-46F83EB2A898}.Debug|Any CPU.ActiveCfg = Debug|Any CPU
		{1E02348C-C021-4EA8-951F-46F83EB2A898}.Debug|Any CPU.Build.0 = Debug|Any CPU
		{1E02348C-C021-4EA8-951F-46F83EB2A898}.Release|Any CPU.ActiveCfg = Release|Any CPU
		{1E02348C-C021-4EA8-951F-46F83EB2A898}.Release|Any CPU.Build.0 = Release|Any CPU
	EndGlobalSection
	GlobalSection(SolutionProperties) = preSolution
		HideSolutionNode = FALSE
	EndGlobalSection
	GlobalSection(ExtensibilityGlobals) = postSolution
		SolutionGuid = {089A228F-7817-4BDC-B6D3-936F7F2BDD31}
	EndGlobalSection
EndGlobal
